
Microsoft Visual Studio Solution File, Format Version 12.00
# Visual Studio Version 17
VisualStudioVersion = 17.6.33829.357
MinimumVisualStudioVersion = 10.0.40219.1
Project("{FAE04EC0-301F-11D3-BF4B-00C04F79EFBC}") = "ToDoList", "ToDoList\ToDoList.csproj", "{55FA3D1E-298C-49F8-8525-896643739590}"
EndProject
Global
	GlobalSection(SolutionConfigurationPlatforms) = preSolution
		Debug|Any CPU = Debug|Any CPU
		Release|Any CPU = Release|Any CPU
	EndGlobalSection
	GlobalSection(ProjectConfigurationPlatforms) = postSolution
		{55FA3D1E-298C-49F8-8525-896643739590}.Debug|Any CPU.ActiveCfg = Debug|Any CPU
		{55FA3D1E-298C-49F8-8525-896643739590}.Debug|Any CPU.Build.0 = Debug|Any CPU
		{55FA3D1E-298C-49F8-8525-896643739590}.Release|Any CPU.ActiveCfg = Release|Any CPU
		{55FA3D1E-298C-49F8-8525-896643739590}.Release|Any CPU.Build.0 = Release|Any CPU
	EndGlobalSection
	GlobalSection(SolutionProperties) = preSolution
		HideSolutionNode = FALSE
	EndGlobalSection
	GlobalSection(ExtensibilityGlobals) = postSolution
		SolutionGuid = {48F7E3B8-3E04-4D43-A501-469B8A700DB4}
	EndGlobalSection
EndGlobal
